<?xml version="1.0" encoding="utf-8"?>
<Project ToolsVersion="4.0" xmlns="http://schemas.microsoft.com/developer/msbuild/2003">
  <ItemGroup>
    <ClCompile Include="src\main.cpp" />
    <ClCompile Include="src\tl.cpp" />
    <ClCompile Include="src\t3d.cpp" />
    <ClCompile Include="src\d3d11.cpp" />
    <ClCompile Include="src\gl.cpp" />
  </ItemGroup>
  <ItemGroup>
    <Natvis Include="dep\tl\tl.natvis" />
  </ItemGroup>
  <ItemGroup>
    <ClInclude Include="include\t3d.h" />
    <ClInclude Include="src\tl.h" />
    <ClInclude Include="src\light.h" />
    <ClInclude Include="src\mesh_renderer.h" />
    <ClInclude Include="src\material.h" />
    <ClInclude Include="src\component.h" />
    <ClInclude Include="src\mesh.h" />
    <ClInclude Include="src\basic_textures.h" />
    <ClInclude Include="src\camera.h" />
  </ItemGroup>
</Project>