
Microsoft Visual Studio Solution File, Format Version 12.00
# Visual Studio Version 16
VisualStudioVersion = 16.0.31129.286
MinimumVisualStudioVersion = 10.0.40219.1
Project("{8BC9CEB8-8B4A-11D0-8D11-00A0C91BC942}") = "t3d", "t3d.vcxproj", "{DBBA3FE7-9532-4484-AF35-BC3474D341D2}"
EndProject
Project("{8BC9CEB8-8B4A-11D0-8D11-00A0C91BC942}") = "after_build", "after_build.vcxproj", "{97460A52-6E24-465B-ADF9-3A99C016DB15}"
EndProject
Project("{911E67C6-3D85-4FCE-B560-20A9C3E3FF48}") = "project", "bin\build\project.exe", "{7AC02EFD-D3FE-4C45-8F3E-EF613B6BB5DA}"
	ProjectSection(DebuggerProjectSystem) = preProject
		PortSupplier = 00000000-0000-0000-0000-000000000000
		Executable = F:\t3d\bin\build\project.exe
		RemoteMachine = DESKTOP-2HA4U8E
		StartingDirectory = F:\t3d\bin\build
		Environment = По умолчанию
		LaunchingEngine = 00000000-0000-0000-0000-000000000000
		UseLegacyDebugEngines = No
		LaunchSQLEngine = No
		AttachLaunchAction = No
		IORedirection = Auto
	EndProjectSection
EndProject
Global
	GlobalSection(SolutionConfigurationPlatforms) = preSolution
		Debug|x64 = Debug|x64
		Debug|x86 = Debug|x86
		Release|x64 = Release|x64
		Release|x86 = Release|x86
	EndGlobalSection
	GlobalSection(ProjectConfigurationPlatforms) = postSolution
		{DBBA3FE7-9532-4484-AF35-BC3474D341D2}.Debug|x64.ActiveCfg = Debug|x64
		{DBBA3FE7-9532-4484-AF35-BC3474D341D2}.Debug|x64.Build.0 = Debug|x64
		{DBBA3FE7-9532-4484-AF35-BC3474D341D2}.Debug|x86.ActiveCfg = Debug|Win32
		{DBBA3FE7-9532-4484-AF35-BC3474D341D2}.Debug|x86.Build.0 = Debug|Win32
		{DBBA3FE7-9532-4484-AF35-BC3474D341D2}.Release|x64.ActiveCfg = Release|x64
		{DBBA3FE7-9532-4484-AF35-BC3474D341D2}.Release|x64.Build.0 = Release|x64
		{DBBA3FE7-9532-4484-AF35-BC3474D341D2}.Release|x86.ActiveCfg = Release|Win32
		{DBBA3FE7-9532-4484-AF35-BC3474D341D2}.Release|x86.Build.0 = Release|Win32
		{97460A52-6E24-465B-ADF9-3A99C016DB15}.Debug|x64.ActiveCfg = Debug|x64
		{97460A52-6E24-465B-ADF9-3A99C016DB15}.Debug|x64.Build.0 = Debug|x64
		{97460A52-6E24-465B-ADF9-3A99C016DB15}.Debug|x86.ActiveCfg = Debug|Win32
		{97460A52-6E24-465B-ADF9-3A99C016DB15}.Debug|x86.Build.0 = Debug|Win32
		{97460A52-6E24-465B-ADF9-3A99C016DB15}.Release|x64.ActiveCfg = Release|x64
		{97460A52-6E24-465B-ADF9-3A99C016DB15}.Release|x64.Build.0 = Release|x64
		{97460A52-6E24-465B-ADF9-3A99C016DB15}.Release|x86.ActiveCfg = Release|Win32
		{97460A52-6E24-465B-ADF9-3A99C016DB15}.Release|x86.Build.0 = Release|Win32
		{7AC02EFD-D3FE-4C45-8F3E-EF613B6BB5DA}.Debug|x64.ActiveCfg = Release|x64
		{7AC02EFD-D3FE-4C45-8F3E-EF613B6BB5DA}.Debug|x86.ActiveCfg = Release|x64
		{7AC02EFD-D3FE-4C45-8F3E-EF613B6BB5DA}.Release|x64.ActiveCfg = Release|x64
		{7AC02EFD-D3FE-4C45-8F3E-EF613B6BB5DA}.Release|x86.ActiveCfg = Release|x64
	EndGlobalSection
	GlobalSection(SolutionProperties) = preSolution
		HideSolutionNode = FALSE
	EndGlobalSection
	GlobalSection(ExtensibilityGlobals) = postSolution
		SolutionGuid = {EFA66DBD-A7BE-48DB-8482-FD66FDF29EE2}
	EndGlobalSection
EndGlobal
