<?xml version="1.0" encoding="utf-8"?>
<Project ToolsVersion="4.0" xmlns="http://schemas.microsoft.com/developer/msbuild/2003">
  <ItemGroup>
    <ClCompile Include="src\t3d\common.cpp" />
    <ClCompile Include="src\t3d\main.cpp" />
    <ClCompile Include="src\t3d\main_editor.cpp" />
    <ClCompile Include="src\t3d\component.cpp" />
    <ClCompile Include="src\t3d\entity.cpp" />
    <ClCompile Include="src\t3d\editor\current.cpp" />
    <ClCompile Include="src\t3d\editor\window.cpp" />
    <ClCompile Include="src\t3d\editor\input.cpp" />
    <ClCompile Include="src\t3d\font.cpp" />
    <ClCompile Include="src\t3d\components\camera.cpp" />
    <ClCompile Include="src\t3d\components\light.cpp" />
    <ClCompile Include="src\t3d\components\mesh_renderer.cpp" />
    <ClCompile Include="src\t3d\draw_property.cpp" />
    <ClCompile Include="src\t3d\mesh.cpp" />
    <ClCompile Include="src\t3d\assets.cpp" />
    <ClCompile Include="src\t3d\blit.cpp" />
    <ClCompile Include="src\t3d\gui.cpp" />
    <ClCompile Include="src\t3d\serialize.cpp" />
    <ClCompile Include="src\t3d\scene.cpp" />
    <ClCompile Include="src\t3d\editor.cpp" />
  </ItemGroup>
  <ItemGroup>
    <Natvis Include="dep\tl\tl.natvis" />
  </ItemGroup>
  <ItemGroup>
    <ClInclude Include="src\t3d\components\camera.h" />
    <ClInclude Include="src\t3d\components\light.h" />
    <ClInclude Include="src\t3d\components\mesh_renderer.h" />
    <ClInclude Include="src\t3d\editor\current.h" />
    <ClInclude Include="src\t3d\editor\file_view.h" />
    <ClInclude Include="src\t3d\editor\hierarchy_view.h" />
    <ClInclude Include="src\t3d\editor\input.h" />
    <ClInclude Include="src\t3d\editor\property_view.h" />
    <ClInclude Include="src\t3d\editor\scene_view.h" />
    <ClInclude Include="src\t3d\editor\split_view.h" />
    <ClInclude Include="src\t3d\editor\tab_view.h" />
    <ClInclude Include="src\t3d\editor\window.h" />
    <ClInclude Include="src\t3d\editor\window_list.h" />
    <ClInclude Include="src\t3d\post_effects\bloom.h" />
    <ClInclude Include="src\t3d\post_effects\dither.h" />
    <ClInclude Include="src\t3d\post_effects\exposure.h" />
    <ClInclude Include="src\t3d\assets.h" />
    <ClInclude Include="src\t3d\blit.h" />
    <ClInclude Include="src\t3d\common.h" />
    <ClInclude Include="src\t3d\component.h" />
    <ClInclude Include="src\t3d\component_list_.h" />
    <ClInclude Include="src\t3d\debug.h" />
    <ClInclude Include="src\t3d\entity.h" />
    <ClInclude Include="src\t3d\font.h" />
    <ClInclude Include="src\t3d\gui.h" />
    <ClInclude Include="src\t3d\manipulator.h" />
    <ClInclude Include="src\t3d\material.h" />
    <ClInclude Include="src\t3d\mesh.h" />
    <ClInclude Include="src\t3d\post_effect.h" />
    <ClInclude Include="src\t3d\runtime.h" />
    <ClInclude Include="src\t3d\selection.h" />
    <ClInclude Include="src\t3d\serialize.h" />
    <ClInclude Include="src\t3d\app.h" />
    <ClInclude Include="src\t3d\draw_property.h" />
    <ClInclude Include="src\t3d\editor.h" />
    <ClInclude Include="src\t3d\input.h" />
    <ClInclude Include="src\t3d\scene.h" />
  </ItemGroup>
  <ItemGroup>
    <Filter Include="components">
      <UniqueIdentifier>{5da97176-8237-4fb2-8163-e62ae1091f4b}</UniqueIdentifier>
    </Filter>
    <Filter Include="post_effects">
      <UniqueIdentifier>{1475799a-b887-488d-bf69-0cb81aa5c637}</UniqueIdentifier>
    </Filter>
    <Filter Include="editor">
      <UniqueIdentifier>{4612238a-4b0c-4e64-9aa6-3748c0616b5a}</UniqueIdentifier>
    </Filter>
  </ItemGroup>
  <ItemGroup>
    <None Include="src\t3d\main_runtime.cpp" />
  </ItemGroup>
</Project>